{
  "pins" : [
    {
      "identity" : "cucumberswiftexpressions",
      "kind" : "remoteSourceControl",
      "location" : "https://github.com/Tyler-Keith-Thompson/CucumberSwiftExpressions.git",
      "state" : {
        "revision" : "d6bcc190304d5096ae64b95bd6adc7a0342f1245",
        "version" : "0.0.7"
      }
    }
  ],
  "version" : 2
}
