{
  "object": {
    "pins": [
      {
        "package": "CucumberSwiftExpressions",
        "repositoryURL": "https://github.com/Tyler-Keith-Thompson/CucumberSwiftExpressions.git",
        "state": {
          "branch": null,
          "revision": "d4de48d5d98cc33dfa766d5d3c156b0b69bf2593",
          "version": "0.0.5"
        }
      },
      {
        "package": "SwiftDocCPlugin",
        "repositoryURL": "https://github.com/apple/swift-docc-plugin",
        "state": {
          "branch": null,
          "revision": "3303b164430d9a7055ba484c8ead67a52f7b74f6",
          "version": "1.0.0"
        }
      }
    ]
  },
  "version": 1
}
