// !$*UTF8*$!
{
	archiveVersion = 1;
	classes = {
	};
	objectVersion = 48;
	objects = {

/* Begin PBXBuildFile section */
		1D1648DB245A7549000CA612 /* XCTestHooks.m in Sources */ = {isa = PBXBuildFile; fileRef = 1D1648DA245A7549000CA612 /* XCTestHooks.m */; };
		1DA7619923933BCB001CBA5B /* RunWithLineNumberTests.swift in Sources */ = {isa = PBXBuildFile; fileRef = 1DA7619823933BCB001CBA5B /* RunWithLineNumberTests.swift */; };
		1DA7619B23933F18001CBA5B /* Positionable.swift in Sources */ = {isa = PBXBuildFile; fileRef = 1DA7619A23933F18001CBA5B /* Positionable.swift */; };
		1DA7619D2393C5AB001CBA5B /* DocString.swift in Sources */ = {isa = PBXBuildFile; fileRef = 1DA7619C2393C5AB001CBA5B /* DocString.swift */; };
		1DA761A2239A7A74001CBA5B /* ASTToken.swift in Sources */ = {isa = PBXBuildFile; fileRef = 1DA761A1239A7A74001CBA5B /* ASTToken.swift */; };
		1DA761A4239A7C23001CBA5B /* ASTRule.swift in Sources */ = {isa = PBXBuildFile; fileRef = 1DA761A3239A7C23001CBA5B /* ASTRule.swift */; };
		1DA761A6239A7C41001CBA5B /* Nodes.swift in Sources */ = {isa = PBXBuildFile; fileRef = 1DA761A5239A7C41001CBA5B /* Nodes.swift */; };
		1DBF9327239A929E0035722A /* RuleTests.swift in Sources */ = {isa = PBXBuildFile; fileRef = 1DBF9326239A929E0035722A /* RuleTests.swift */; };
		1DBF9329239C97AC0035722A /* RuleParser.swift in Sources */ = {isa = PBXBuildFile; fileRef = 1DBF9328239C97AC0035722A /* RuleParser.swift */; };
		1DE862E02391F7F70027326A /* Position.swift in Sources */ = {isa = PBXBuildFile; fileRef = 1DE862DF2391F7F70027326A /* Position.swift */; };
		5AE2C0BD20FE4CC8000DDD48 /* TableTests.swift in Sources */ = {isa = PBXBuildFile; fileRef = 5AE2C0BC20FE4CC8000DDD48 /* TableTests.swift */; };
		5AE2C0BF20FE7EE7000DDD48 /* AST.swift in Sources */ = {isa = PBXBuildFile; fileRef = 5AE2C0BE20FE7EE7000DDD48 /* AST.swift */; };
		5AE2C0C120FEA958000DDD48 /* ScenarioOutlineParser.swift in Sources */ = {isa = PBXBuildFile; fileRef = 5AE2C0C020FEA958000DDD48 /* ScenarioOutlineParser.swift */; };
		AD01722D21160E0B00FBC9AF /* StepGenerationTests.swift in Sources */ = {isa = PBXBuildFile; fileRef = AD01722C21160E0B00FBC9AF /* StepGenerationTests.swift */; };
		AD01722F2116341200FBC9AF /* SequenceExtensions.swift in Sources */ = {isa = PBXBuildFile; fileRef = AD01722E2116341200FBC9AF /* SequenceExtensions.swift */; };
		AD01723121166C3D00FBC9AF /* StubGenerator.swift in Sources */ = {isa = PBXBuildFile; fileRef = AD01723021166C3D00FBC9AF /* StubGenerator.swift */; };
		AD017234211671D200FBC9AF /* Method.swift in Sources */ = {isa = PBXBuildFile; fileRef = AD017233211671D200FBC9AF /* Method.swift */; };
		AD22A1B6222B10B50025E41C /* TestCaseGenerator.swift in Sources */ = {isa = PBXBuildFile; fileRef = AD22A1B5222B10B50025E41C /* TestCaseGenerator.swift */; };
		AD22A1B8222B10BD0025E41C /* TestCaseMethod.swift in Sources */ = {isa = PBXBuildFile; fileRef = AD22A1B7222B10BD0025E41C /* TestCaseMethod.swift */; };
		AD22A1BA222B21830025E41C /* CucumberExtensions.swift in Sources */ = {isa = PBXBuildFile; fileRef = AD22A1B9222B21830025E41C /* CucumberExtensions.swift */; };
		AD22A1BF222C599F0025E41C /* Snippets in Resources */ = {isa = PBXBuildFile; fileRef = AD22A1BE222C599F0025E41C /* Snippets */; };
		AD26922B223ADC8D00134D02 /* XCTest.framework in Frameworks */ = {isa = PBXBuildFile; fileRef = AD9EB4872079FED8002494C0 /* XCTest.framework */; };
		AD2F20E0216969990041657C /* Errors.swift in Sources */ = {isa = PBXBuildFile; fileRef = AD2F20DF216969990041657C /* Errors.swift */; };
		AD2F20E2216969DF0041657C /* ErrorTests.swift in Sources */ = {isa = PBXBuildFile; fileRef = AD2F20E1216969DF0041657C /* ErrorTests.swift */; };
		AD406F7F2105514600D9B011 /* DataTable.swift in Sources */ = {isa = PBXBuildFile; fileRef = AD406F7E2105514600D9B011 /* DataTable.swift */; };
		AD4E772F2235963D005938B7 /* Reporter.swift in Sources */ = {isa = PBXBuildFile; fileRef = AD4E772E2235963D005938B7 /* Reporter.swift */; };
		AD4E773122359C6B005938B7 /* ReporterTests.swift in Sources */ = {isa = PBXBuildFile; fileRef = AD4E773022359C6B005938B7 /* ReporterTests.swift */; };
		AD4E77332235A04B005938B7 /* WaitUntil.swift in Sources */ = {isa = PBXBuildFile; fileRef = AD4E77322235A04B005938B7 /* WaitUntil.swift */; };
		AD73CEF82222ECD8002BF7C0 /* TestingExtensions.swift in Sources */ = {isa = PBXBuildFile; fileRef = AD73CEF72222ECD8002BF7C0 /* TestingExtensions.swift */; };
		AD7D2525207A7B72001B8211 /* Scope.swift in Sources */ = {isa = PBXBuildFile; fileRef = AD7D2524207A7B72001B8211 /* Scope.swift */; };
		AD7D2527207A8AEB001B8211 /* MightEqualOperatorTests.swift in Sources */ = {isa = PBXBuildFile; fileRef = AD7D2526207A8AEB001B8211 /* MightEqualOperatorTests.swift */; };
		AD7D252B207A8BE9001B8211 /* StringExtensionsTests.swift in Sources */ = {isa = PBXBuildFile; fileRef = AD7D252A207A8BE9001B8211 /* StringExtensionsTests.swift */; };
		AD7D2530207AAB2B001B8211 /* Features in Resources */ = {isa = PBXBuildFile; fileRef = AD7D252F207AAB2B001B8211 /* Features */; };
		AD7F1C0C2104D6B10004852A /* gherkin-languages.json in Resources */ = {isa = PBXBuildFile; fileRef = AD7F1C0B2104D6B10004852A /* gherkin-languages.json */; };
		AD7F1C0E2104DB240004852A /* Language.swift in Sources */ = {isa = PBXBuildFile; fileRef = AD7F1C0D2104DB240004852A /* Language.swift */; };
		AD7F1C10210507420004852A /* StepTests.swift in Sources */ = {isa = PBXBuildFile; fileRef = AD7F1C0F210507420004852A /* StepTests.swift */; };
		AD831B67222C961A003EE136 /* Gherkin.xclangspec in Resources */ = {isa = PBXBuildFile; fileRef = AD831B66222C961A003EE136 /* Gherkin.xclangspec */; };
		AD831B69222C9736003EE136 /* gherkin_colors_xcode.sh in Resources */ = {isa = PBXBuildFile; fileRef = AD831B68222C9736003EE136 /* gherkin_colors_xcode.sh */; };
		AD99DB59213269D500E57823 /* StepImplementation.swift in Sources */ = {isa = PBXBuildFile; fileRef = AD99DB58213269D500E57823 /* StepImplementation.swift */; };
		AD99DB6321335B5D00E57823 /* TestObservation.swift in Sources */ = {isa = PBXBuildFile; fileRef = AD99DB6221335B5D00E57823 /* TestObservation.swift */; };
		AD9E15CB21176F8D00FB5B6C /* StringReader.swift in Sources */ = {isa = PBXBuildFile; fileRef = AD9E15CA21176F8D00FB5B6C /* StringReader.swift */; };
		AD9E15CD21176FC500FB5B6C /* StringReaderTests.swift in Sources */ = {isa = PBXBuildFile; fileRef = AD9E15CC21176FC500FB5B6C /* StringReaderTests.swift */; };
		AD9EB46A2079CF87002494C0 /* CucumberSwift.framework in Frameworks */ = {isa = PBXBuildFile; fileRef = AD9EB4602079CF87002494C0 /* CucumberSwift.framework */; };
		AD9EB46F2079CF87002494C0 /* CucumberSwiftTests.swift in Sources */ = {isa = PBXBuildFile; fileRef = AD9EB46E2079CF87002494C0 /* CucumberSwiftTests.swift */; };
		AD9EB4712079CF87002494C0 /* CucumberSwift.h in Headers */ = {isa = PBXBuildFile; fileRef = AD9EB4632079CF87002494C0 /* CucumberSwift.h */; settings = {ATTRIBUTES = (Public, ); }; };
		AD9EB47B2079CFA1002494C0 /* Cucumber.swift in Sources */ = {isa = PBXBuildFile; fileRef = AD9EB47A2079CFA1002494C0 /* Cucumber.swift */; };
		AD9EB47D2079D280002494C0 /* Feature.swift in Sources */ = {isa = PBXBuildFile; fileRef = AD9EB47C2079D280002494C0 /* Feature.swift */; };
		AD9EB47F2079D28E002494C0 /* Step.swift in Sources */ = {isa = PBXBuildFile; fileRef = AD9EB47E2079D28E002494C0 /* Step.swift */; };
		AD9EB4812079D540002494C0 /* StringExtensions.swift in Sources */ = {isa = PBXBuildFile; fileRef = AD9EB4802079D540002494C0 /* StringExtensions.swift */; };
		AD9EB4832079D606002494C0 /* Scenario.swift in Sources */ = {isa = PBXBuildFile; fileRef = AD9EB4822079D606002494C0 /* Scenario.swift */; };
		AD9EB4852079EB1C002494C0 /* MightEqualOperator.swift in Sources */ = {isa = PBXBuildFile; fileRef = AD9EB4842079EB1C002494C0 /* MightEqualOperator.swift */; };
		ADA5D9652131EA3200530826 /* CucumberSwiftConsumerTests.swift in Sources */ = {isa = PBXBuildFile; fileRef = ADA5D9642131EA3200530826 /* CucumberSwiftConsumerTests.swift */; };
		ADA5D9672131EA3200530826 /* CucumberSwift.framework in Frameworks */ = {isa = PBXBuildFile; fileRef = AD9EB4602079CF87002494C0 /* CucumberSwift.framework */; };
		ADA5D96E2131EAC600530826 /* Features in Resources */ = {isa = PBXBuildFile; fileRef = ADA5D96D2131EAC600530826 /* Features */; };
		ADA5D9702132047700530826 /* CucumberTest.swift in Sources */ = {isa = PBXBuildFile; fileRef = ADA5D96F2132047700530826 /* CucumberTest.swift */; };
		ADAA738C20A92BB000D2344C /* Taggable.swift in Sources */ = {isa = PBXBuildFile; fileRef = ADAA738B20A92BB000D2344C /* Taggable.swift */; };
		ADAA738E20A9356000D2344C /* CollectionExtensions.swift in Sources */ = {isa = PBXBuildFile; fileRef = ADAA738D20A9356000D2344C /* CollectionExtensions.swift */; };
		ADAA739020A9358200D2344C /* SequenceExtensionsTests.swift in Sources */ = {isa = PBXBuildFile; fileRef = ADAA738F20A9358200D2344C /* SequenceExtensionsTests.swift */; };
		ADB4D5FA20FD0234005997AD /* CommentTests.swift in Sources */ = {isa = PBXBuildFile; fileRef = ADB4D5F920FD0234005997AD /* CommentTests.swift */; };
		ADB4D5FC20FD02B8005997AD /* TagTests.swift in Sources */ = {isa = PBXBuildFile; fileRef = ADB4D5FB20FD02B8005997AD /* TagTests.swift */; };
		ADB4D5FE20FD03BF005997AD /* ParserTests.swift in Sources */ = {isa = PBXBuildFile; fileRef = ADB4D5FD20FD03BF005997AD /* ParserTests.swift */; };
		ADB93858222C9F0900CDA4B4 /* Gherkin.ideplugin in Resources */ = {isa = PBXBuildFile; fileRef = ADB93857222C9F0900CDA4B4 /* Gherkin.ideplugin */; };
		ADBB361E2132145500C375E2 /* Globals.swift in Sources */ = {isa = PBXBuildFile; fileRef = ADBB361D2132145500C375E2 /* Globals.swift */; };
		CA4E2D0124CCC8AE00A44983 /* PositionTests.swift in Sources */ = {isa = PBXBuildFile; fileRef = CA4E2D0024CCC8AE00A44983 /* PositionTests.swift */; };
		CA5A210924C92BDC0077AD50 /* DSLStepTests.swift in Sources */ = {isa = PBXBuildFile; fileRef = CA5A210824C92BDC0077AD50 /* DSLStepTests.swift */; };
		CA5A210C24C9D07A0077AD50 /* StepDSL.swift in Sources */ = {isa = PBXBuildFile; fileRef = CA5A210B24C9D07A0077AD50 /* StepDSL.swift */; };
		CA5A210E24C9D08A0077AD50 /* Matcher.swift in Sources */ = {isa = PBXBuildFile; fileRef = CA5A210D24C9D08A0077AD50 /* Matcher.swift */; };
		CA5A211024C9D0B10077AD50 /* GherkinDSL.swift in Sources */ = {isa = PBXBuildFile; fileRef = CA5A210F24C9D0B10077AD50 /* GherkinDSL.swift */; };
		CA5A211224C9D2D90077AD50 /* ScenarioBuilder.swift in Sources */ = {isa = PBXBuildFile; fileRef = CA5A211124C9D2D90077AD50 /* ScenarioBuilder.swift */; };
		CA5A211424C9D3070077AD50 /* StepBuilder.swift in Sources */ = {isa = PBXBuildFile; fileRef = CA5A211324C9D3070077AD50 /* StepBuilder.swift */; };
		CA5A211624C9E76F0077AD50 /* ScenarioDSL.swift in Sources */ = {isa = PBXBuildFile; fileRef = CA5A211524C9E76F0077AD50 /* ScenarioDSL.swift */; };
		CA5A211824CA42370077AD50 /* FeatureDSL.swift in Sources */ = {isa = PBXBuildFile; fileRef = CA5A211724CA42370077AD50 /* FeatureDSL.swift */; };
		CA5A7C3920FC2B1700F4564A /* CharacterExtensions.swift in Sources */ = {isa = PBXBuildFile; fileRef = CA5A7C3820FC2B1700F4564A /* CharacterExtensions.swift */; };
		CA5A7C3B20FC2B2300F4564A /* Lexer.swift in Sources */ = {isa = PBXBuildFile; fileRef = CA5A7C3A20FC2B2300F4564A /* Lexer.swift */; };
		CA5A7C3D20FC2B2900F4564A /* Token.swift in Sources */ = {isa = PBXBuildFile; fileRef = CA5A7C3C20FC2B2900F4564A /* Token.swift */; };
		CA73473624CA668D00D1A018 /* DSLScenarioTests.swift in Sources */ = {isa = PBXBuildFile; fileRef = CA73473524CA668D00D1A018 /* DSLScenarioTests.swift */; };
		CA73473824CA6FAD00D1A018 /* DSLFeatureTests.swift in Sources */ = {isa = PBXBuildFile; fileRef = CA73473724CA6FAD00D1A018 /* DSLFeatureTests.swift */; };
		CA73473A24CA788B00D1A018 /* DSLScenarioOutlineTests.swift in Sources */ = {isa = PBXBuildFile; fileRef = CA73473924CA788B00D1A018 /* DSLScenarioOutlineTests.swift */; };
		CA73473C24CA796C00D1A018 /* DSLScenarioOutline.swift in Sources */ = {isa = PBXBuildFile; fileRef = CA73473B24CA796C00D1A018 /* DSLScenarioOutline.swift */; };
		CA73474424CB4EDB00D1A018 /* CucumberSwiftDSLConsumerTests.swift in Sources */ = {isa = PBXBuildFile; fileRef = CA73474324CB4EDB00D1A018 /* CucumberSwiftDSLConsumerTests.swift */; };
		CA73474624CB4EDB00D1A018 /* CucumberSwift.framework in Frameworks */ = {isa = PBXBuildFile; fileRef = AD9EB4602079CF87002494C0 /* CucumberSwift.framework */; };
		CAA337AB21044ACC002C361D /* CucumberTests.swift in Sources */ = {isa = PBXBuildFile; fileRef = CAA337AA21044ACC002C361D /* CucumberTests.swift */; };
		CAA337AF21045847002C361D /* testdata in Resources */ = {isa = PBXBuildFile; fileRef = CAA337AE21045847002C361D /* testdata */; };
		CAA337B12104C310002C361D /* DocstringTests.swift in Sources */ = {isa = PBXBuildFile; fileRef = CAA337B02104C310002C361D /* DocstringTests.swift */; };
/* End PBXBuildFile section */

/* Begin PBXContainerItemProxy section */
		AD9EB46B2079CF87002494C0 /* PBXContainerItemProxy */ = {
			isa = PBXContainerItemProxy;
			containerPortal = AD9EB4572079CF87002494C0 /* Project object */;
			proxyType = 1;
			remoteGlobalIDString = AD9EB45F2079CF87002494C0;
			remoteInfo = CucumberSwift;
		};
		ADA5D9682131EA3200530826 /* PBXContainerItemProxy */ = {
			isa = PBXContainerItemProxy;
			containerPortal = AD9EB4572079CF87002494C0 /* Project object */;
			proxyType = 1;
			remoteGlobalIDString = AD9EB45F2079CF87002494C0;
			remoteInfo = CucumberSwift;
		};
		CA73474724CB4EDB00D1A018 /* PBXContainerItemProxy */ = {
			isa = PBXContainerItemProxy;
			containerPortal = AD9EB4572079CF87002494C0 /* Project object */;
			proxyType = 1;
			remoteGlobalIDString = AD9EB45F2079CF87002494C0;
			remoteInfo = CucumberSwift;
		};
/* End PBXContainerItemProxy section */

/* Begin PBXFileReference section */
		1D1648DA245A7549000CA612 /* XCTestHooks.m */ = {isa = PBXFileReference; lastKnownFileType = sourcecode.c.objc; path = XCTestHooks.m; sourceTree = "<group>"; };
		1DA7619823933BCB001CBA5B /* RunWithLineNumberTests.swift */ = {isa = PBXFileReference; lastKnownFileType = sourcecode.swift; path = RunWithLineNumberTests.swift; sourceTree = "<group>"; };
		1DA7619A23933F18001CBA5B /* Positionable.swift */ = {isa = PBXFileReference; lastKnownFileType = sourcecode.swift; path = Positionable.swift; sourceTree = "<group>"; };
		1DA7619C2393C5AB001CBA5B /* DocString.swift */ = {isa = PBXFileReference; lastKnownFileType = sourcecode.swift; path = DocString.swift; sourceTree = "<group>"; };
		1DA761A1239A7A74001CBA5B /* ASTToken.swift */ = {isa = PBXFileReference; lastKnownFileType = sourcecode.swift; path = ASTToken.swift; sourceTree = "<group>"; };
		1DA761A3239A7C23001CBA5B /* ASTRule.swift */ = {isa = PBXFileReference; lastKnownFileType = sourcecode.swift; path = ASTRule.swift; sourceTree = "<group>"; };
		1DA761A5239A7C41001CBA5B /* Nodes.swift */ = {isa = PBXFileReference; lastKnownFileType = sourcecode.swift; path = Nodes.swift; sourceTree = "<group>"; };
		1DBF9326239A929E0035722A /* RuleTests.swift */ = {isa = PBXFileReference; lastKnownFileType = sourcecode.swift; path = RuleTests.swift; sourceTree = "<group>"; };
		1DBF9328239C97AC0035722A /* RuleParser.swift */ = {isa = PBXFileReference; lastKnownFileType = sourcecode.swift; path = RuleParser.swift; sourceTree = "<group>"; };
		1DE862DF2391F7F70027326A /* Position.swift */ = {isa = PBXFileReference; lastKnownFileType = sourcecode.swift; path = Position.swift; sourceTree = "<group>"; };
		5AE2C0BC20FE4CC8000DDD48 /* TableTests.swift */ = {isa = PBXFileReference; lastKnownFileType = sourcecode.swift; path = TableTests.swift; sourceTree = "<group>"; };
		5AE2C0BE20FE7EE7000DDD48 /* AST.swift */ = {isa = PBXFileReference; lastKnownFileType = sourcecode.swift; path = AST.swift; sourceTree = "<group>"; };
		5AE2C0C020FEA958000DDD48 /* ScenarioOutlineParser.swift */ = {isa = PBXFileReference; lastKnownFileType = sourcecode.swift; path = ScenarioOutlineParser.swift; sourceTree = "<group>"; };
		AD01722C21160E0B00FBC9AF /* StepGenerationTests.swift */ = {isa = PBXFileReference; lastKnownFileType = sourcecode.swift; path = StepGenerationTests.swift; sourceTree = "<group>"; };
		AD01722E2116341200FBC9AF /* SequenceExtensions.swift */ = {isa = PBXFileReference; lastKnownFileType = sourcecode.swift; path = SequenceExtensions.swift; sourceTree = "<group>"; };
		AD01723021166C3D00FBC9AF /* StubGenerator.swift */ = {isa = PBXFileReference; lastKnownFileType = sourcecode.swift; path = StubGenerator.swift; sourceTree = "<group>"; };
		AD017233211671D200FBC9AF /* Method.swift */ = {isa = PBXFileReference; lastKnownFileType = sourcecode.swift; path = Method.swift; sourceTree = "<group>"; };
		AD22A1B5222B10B50025E41C /* TestCaseGenerator.swift */ = {isa = PBXFileReference; lastKnownFileType = sourcecode.swift; path = TestCaseGenerator.swift; sourceTree = "<group>"; };
		AD22A1B7222B10BD0025E41C /* TestCaseMethod.swift */ = {isa = PBXFileReference; lastKnownFileType = sourcecode.swift; path = TestCaseMethod.swift; sourceTree = "<group>"; };
		AD22A1B9222B21830025E41C /* CucumberExtensions.swift */ = {isa = PBXFileReference; lastKnownFileType = sourcecode.swift; path = CucumberExtensions.swift; sourceTree = "<group>"; };
		AD22A1BE222C599F0025E41C /* Snippets */ = {isa = PBXFileReference; lastKnownFileType = folder; path = Snippets; sourceTree = "<group>"; };
		AD2F20DF216969990041657C /* Errors.swift */ = {isa = PBXFileReference; lastKnownFileType = sourcecode.swift; path = Errors.swift; sourceTree = "<group>"; };
		AD2F20E1216969DF0041657C /* ErrorTests.swift */ = {isa = PBXFileReference; lastKnownFileType = sourcecode.swift; path = ErrorTests.swift; sourceTree = "<group>"; };
		AD406F7E2105514600D9B011 /* DataTable.swift */ = {isa = PBXFileReference; lastKnownFileType = sourcecode.swift; path = DataTable.swift; sourceTree = "<group>"; };
		AD4B2E0A222CB2BC001946F1 /* copy_snippets.sh */ = {isa = PBXFileReference; lastKnownFileType = text.script.sh; path = copy_snippets.sh; sourceTree = "<group>"; };
		AD4E772E2235963D005938B7 /* Reporter.swift */ = {isa = PBXFileReference; lastKnownFileType = sourcecode.swift; path = Reporter.swift; sourceTree = "<group>"; };
		AD4E773022359C6B005938B7 /* ReporterTests.swift */ = {isa = PBXFileReference; lastKnownFileType = sourcecode.swift; path = ReporterTests.swift; sourceTree = "<group>"; };
		AD4E77322235A04B005938B7 /* WaitUntil.swift */ = {isa = PBXFileReference; fileEncoding = 4; lastKnownFileType = sourcecode.swift; path = WaitUntil.swift; sourceTree = "<group>"; };
		AD73CEF72222ECD8002BF7C0 /* TestingExtensions.swift */ = {isa = PBXFileReference; lastKnownFileType = sourcecode.swift; path = TestingExtensions.swift; sourceTree = "<group>"; };
		AD7D2524207A7B72001B8211 /* Scope.swift */ = {isa = PBXFileReference; lastKnownFileType = sourcecode.swift; path = Scope.swift; sourceTree = "<group>"; };
		AD7D2526207A8AEB001B8211 /* MightEqualOperatorTests.swift */ = {isa = PBXFileReference; fileEncoding = 4; lastKnownFileType = sourcecode.swift; path = MightEqualOperatorTests.swift; sourceTree = "<group>"; };
		AD7D252A207A8BE9001B8211 /* StringExtensionsTests.swift */ = {isa = PBXFileReference; lastKnownFileType = sourcecode.swift; path = StringExtensionsTests.swift; sourceTree = "<group>"; };
		AD7D252F207AAB2B001B8211 /* Features */ = {isa = PBXFileReference; lastKnownFileType = folder; path = Features; sourceTree = "<group>"; };
		AD7F1C0B2104D6B10004852A /* gherkin-languages.json */ = {isa = PBXFileReference; fileEncoding = 4; lastKnownFileType = text.json; path = "gherkin-languages.json"; sourceTree = "<group>"; };
		AD7F1C0D2104DB240004852A /* Language.swift */ = {isa = PBXFileReference; lastKnownFileType = sourcecode.swift; path = Language.swift; sourceTree = "<group>"; };
		AD7F1C0F210507420004852A /* StepTests.swift */ = {isa = PBXFileReference; lastKnownFileType = sourcecode.swift; path = StepTests.swift; sourceTree = "<group>"; };
		AD831B66222C961A003EE136 /* Gherkin.xclangspec */ = {isa = PBXFileReference; fileEncoding = 4; lastKnownFileType = text.plist.xclangspec; path = Gherkin.xclangspec; sourceTree = "<group>"; };
		AD831B68222C9736003EE136 /* gherkin_colors_xcode.sh */ = {isa = PBXFileReference; fileEncoding = 4; lastKnownFileType = text.script.sh; path = gherkin_colors_xcode.sh; sourceTree = "<group>"; };
		AD99DB58213269D500E57823 /* StepImplementation.swift */ = {isa = PBXFileReference; lastKnownFileType = sourcecode.swift; path = StepImplementation.swift; sourceTree = "<group>"; };
		AD99DB6221335B5D00E57823 /* TestObservation.swift */ = {isa = PBXFileReference; lastKnownFileType = sourcecode.swift; path = TestObservation.swift; sourceTree = "<group>"; };
		AD9E15CA21176F8D00FB5B6C /* StringReader.swift */ = {isa = PBXFileReference; lastKnownFileType = sourcecode.swift; path = StringReader.swift; sourceTree = "<group>"; };
		AD9E15CC21176FC500FB5B6C /* StringReaderTests.swift */ = {isa = PBXFileReference; lastKnownFileType = sourcecode.swift; path = StringReaderTests.swift; sourceTree = "<group>"; };
		AD9EB4602079CF87002494C0 /* CucumberSwift.framework */ = {isa = PBXFileReference; explicitFileType = wrapper.framework; includeInIndex = 0; path = CucumberSwift.framework; sourceTree = BUILT_PRODUCTS_DIR; };
		AD9EB4632079CF87002494C0 /* CucumberSwift.h */ = {isa = PBXFileReference; lastKnownFileType = sourcecode.c.h; path = CucumberSwift.h; sourceTree = "<group>"; };
		AD9EB4642079CF87002494C0 /* Info.plist */ = {isa = PBXFileReference; lastKnownFileType = text.plist.xml; path = Info.plist; sourceTree = "<group>"; };
		AD9EB4692079CF87002494C0 /* CucumberSwiftTests.xctest */ = {isa = PBXFileReference; explicitFileType = wrapper.cfbundle; includeInIndex = 0; path = CucumberSwiftTests.xctest; sourceTree = BUILT_PRODUCTS_DIR; };
		AD9EB46E2079CF87002494C0 /* CucumberSwiftTests.swift */ = {isa = PBXFileReference; lastKnownFileType = sourcecode.swift; path = CucumberSwiftTests.swift; sourceTree = "<group>"; };
		AD9EB4702079CF87002494C0 /* Info.plist */ = {isa = PBXFileReference; lastKnownFileType = text.plist.xml; path = Info.plist; sourceTree = "<group>"; };
		AD9EB47A2079CFA1002494C0 /* Cucumber.swift */ = {isa = PBXFileReference; lastKnownFileType = sourcecode.swift; path = Cucumber.swift; sourceTree = "<group>"; wrapsLines = 0; };
		AD9EB47C2079D280002494C0 /* Feature.swift */ = {isa = PBXFileReference; lastKnownFileType = sourcecode.swift; path = Feature.swift; sourceTree = "<group>"; };
		AD9EB47E2079D28E002494C0 /* Step.swift */ = {isa = PBXFileReference; lastKnownFileType = sourcecode.swift; path = Step.swift; sourceTree = "<group>"; };
		AD9EB4802079D540002494C0 /* StringExtensions.swift */ = {isa = PBXFileReference; lastKnownFileType = sourcecode.swift; path = StringExtensions.swift; sourceTree = "<group>"; };
		AD9EB4822079D606002494C0 /* Scenario.swift */ = {isa = PBXFileReference; lastKnownFileType = sourcecode.swift; path = Scenario.swift; sourceTree = "<group>"; };
		AD9EB4842079EB1C002494C0 /* MightEqualOperator.swift */ = {isa = PBXFileReference; fileEncoding = 4; lastKnownFileType = sourcecode.swift; path = MightEqualOperator.swift; sourceTree = "<group>"; };
		AD9EB4872079FED8002494C0 /* XCTest.framework */ = {isa = PBXFileReference; lastKnownFileType = wrapper.framework; name = XCTest.framework; path = Platforms/iPhoneOS.platform/Developer/Library/Frameworks/XCTest.framework; sourceTree = DEVELOPER_DIR; };
		ADA5D9622131EA3200530826 /* CucumberSwiftConsumerTests.xctest */ = {isa = PBXFileReference; explicitFileType = wrapper.cfbundle; includeInIndex = 0; path = CucumberSwiftConsumerTests.xctest; sourceTree = BUILT_PRODUCTS_DIR; };
		ADA5D9642131EA3200530826 /* CucumberSwiftConsumerTests.swift */ = {isa = PBXFileReference; lastKnownFileType = sourcecode.swift; path = CucumberSwiftConsumerTests.swift; sourceTree = "<group>"; };
		ADA5D9662131EA3200530826 /* Info.plist */ = {isa = PBXFileReference; lastKnownFileType = text.plist.xml; path = Info.plist; sourceTree = "<group>"; };
		ADA5D96D2131EAC600530826 /* Features */ = {isa = PBXFileReference; lastKnownFileType = folder; path = Features; sourceTree = "<group>"; };
		ADA5D96F2132047700530826 /* CucumberTest.swift */ = {isa = PBXFileReference; lastKnownFileType = sourcecode.swift; path = CucumberTest.swift; sourceTree = "<group>"; };
		ADAA738B20A92BB000D2344C /* Taggable.swift */ = {isa = PBXFileReference; lastKnownFileType = sourcecode.swift; path = Taggable.swift; sourceTree = "<group>"; };
		ADAA738D20A9356000D2344C /* CollectionExtensions.swift */ = {isa = PBXFileReference; lastKnownFileType = sourcecode.swift; path = CollectionExtensions.swift; sourceTree = "<group>"; };
		ADAA738F20A9358200D2344C /* SequenceExtensionsTests.swift */ = {isa = PBXFileReference; lastKnownFileType = sourcecode.swift; path = SequenceExtensionsTests.swift; sourceTree = "<group>"; };
		ADB4D5F920FD0234005997AD /* CommentTests.swift */ = {isa = PBXFileReference; lastKnownFileType = sourcecode.swift; path = CommentTests.swift; sourceTree = "<group>"; };
		ADB4D5FB20FD02B8005997AD /* TagTests.swift */ = {isa = PBXFileReference; lastKnownFileType = sourcecode.swift; path = TagTests.swift; sourceTree = "<group>"; };
		ADB4D5FD20FD03BF005997AD /* ParserTests.swift */ = {isa = PBXFileReference; lastKnownFileType = sourcecode.swift; path = ParserTests.swift; sourceTree = "<group>"; };
		ADB93857222C9F0900CDA4B4 /* Gherkin.ideplugin */ = {isa = PBXFileReference; lastKnownFileType = wrapper; path = Gherkin.ideplugin; sourceTree = "<group>"; };
		ADBB361D2132145500C375E2 /* Globals.swift */ = {isa = PBXFileReference; lastKnownFileType = sourcecode.swift; path = Globals.swift; sourceTree = "<group>"; };
		CA4E2D0024CCC8AE00A44983 /* PositionTests.swift */ = {isa = PBXFileReference; lastKnownFileType = sourcecode.swift; path = PositionTests.swift; sourceTree = "<group>"; };
		CA5A210824C92BDC0077AD50 /* DSLStepTests.swift */ = {isa = PBXFileReference; lastKnownFileType = sourcecode.swift; path = DSLStepTests.swift; sourceTree = "<group>"; };
		CA5A210B24C9D07A0077AD50 /* StepDSL.swift */ = {isa = PBXFileReference; lastKnownFileType = sourcecode.swift; path = StepDSL.swift; sourceTree = "<group>"; };
		CA5A210D24C9D08A0077AD50 /* Matcher.swift */ = {isa = PBXFileReference; lastKnownFileType = sourcecode.swift; path = Matcher.swift; sourceTree = "<group>"; };
		CA5A210F24C9D0B10077AD50 /* GherkinDSL.swift */ = {isa = PBXFileReference; lastKnownFileType = sourcecode.swift; path = GherkinDSL.swift; sourceTree = "<group>"; };
		CA5A211124C9D2D90077AD50 /* ScenarioBuilder.swift */ = {isa = PBXFileReference; lastKnownFileType = sourcecode.swift; path = ScenarioBuilder.swift; sourceTree = "<group>"; };
		CA5A211324C9D3070077AD50 /* StepBuilder.swift */ = {isa = PBXFileReference; lastKnownFileType = sourcecode.swift; path = StepBuilder.swift; sourceTree = "<group>"; };
		CA5A211524C9E76F0077AD50 /* ScenarioDSL.swift */ = {isa = PBXFileReference; lastKnownFileType = sourcecode.swift; path = ScenarioDSL.swift; sourceTree = "<group>"; };
		CA5A211724CA42370077AD50 /* FeatureDSL.swift */ = {isa = PBXFileReference; lastKnownFileType = sourcecode.swift; path = FeatureDSL.swift; sourceTree = "<group>"; };
		CA5A7C3820FC2B1700F4564A /* CharacterExtensions.swift */ = {isa = PBXFileReference; fileEncoding = 4; lastKnownFileType = sourcecode.swift; path = CharacterExtensions.swift; sourceTree = "<group>"; };
		CA5A7C3A20FC2B2300F4564A /* Lexer.swift */ = {isa = PBXFileReference; fileEncoding = 4; lastKnownFileType = sourcecode.swift; path = Lexer.swift; sourceTree = "<group>"; };
		CA5A7C3C20FC2B2900F4564A /* Token.swift */ = {isa = PBXFileReference; fileEncoding = 4; lastKnownFileType = sourcecode.swift; path = Token.swift; sourceTree = "<group>"; };
		CA73473524CA668D00D1A018 /* DSLScenarioTests.swift */ = {isa = PBXFileReference; lastKnownFileType = sourcecode.swift; path = DSLScenarioTests.swift; sourceTree = "<group>"; };
		CA73473724CA6FAD00D1A018 /* DSLFeatureTests.swift */ = {isa = PBXFileReference; lastKnownFileType = sourcecode.swift; path = DSLFeatureTests.swift; sourceTree = "<group>"; };
		CA73473924CA788B00D1A018 /* DSLScenarioOutlineTests.swift */ = {isa = PBXFileReference; lastKnownFileType = sourcecode.swift; path = DSLScenarioOutlineTests.swift; sourceTree = "<group>"; };
		CA73473B24CA796C00D1A018 /* DSLScenarioOutline.swift */ = {isa = PBXFileReference; lastKnownFileType = sourcecode.swift; path = DSLScenarioOutline.swift; sourceTree = "<group>"; };
		CA73474124CB4EDB00D1A018 /* CucumberSwiftDSLConsumerTests.xctest */ = {isa = PBXFileReference; explicitFileType = wrapper.cfbundle; includeInIndex = 0; path = CucumberSwiftDSLConsumerTests.xctest; sourceTree = BUILT_PRODUCTS_DIR; };
		CA73474324CB4EDB00D1A018 /* CucumberSwiftDSLConsumerTests.swift */ = {isa = PBXFileReference; lastKnownFileType = sourcecode.swift; path = CucumberSwiftDSLConsumerTests.swift; sourceTree = "<group>"; };
		CA73474524CB4EDB00D1A018 /* Info.plist */ = {isa = PBXFileReference; lastKnownFileType = text.plist.xml; path = Info.plist; sourceTree = "<group>"; };
		CAA337AA21044ACC002C361D /* CucumberTests.swift */ = {isa = PBXFileReference; lastKnownFileType = sourcecode.swift; path = CucumberTests.swift; sourceTree = "<group>"; };
		CAA337AE21045847002C361D /* testdata */ = {isa = PBXFileReference; lastKnownFileType = folder; path = testdata; sourceTree = "<group>"; };
		CAA337B02104C310002C361D /* DocstringTests.swift */ = {isa = PBXFileReference; lastKnownFileType = sourcecode.swift; path = DocstringTests.swift; sourceTree = "<group>"; };
/* End PBXFileReference section */

/* Begin PBXFrameworksBuildPhase section */
		AD9EB45C2079CF87002494C0 /* Frameworks */ = {
			isa = PBXFrameworksBuildPhase;
			buildActionMask = 2147483647;
			files = (
				AD26922B223ADC8D00134D02 /* XCTest.framework in Frameworks */,
			);
			runOnlyForDeploymentPostprocessing = 0;
		};
		AD9EB4662079CF87002494C0 /* Frameworks */ = {
			isa = PBXFrameworksBuildPhase;
			buildActionMask = 2147483647;
			files = (
				AD9EB46A2079CF87002494C0 /* CucumberSwift.framework in Frameworks */,
			);
			runOnlyForDeploymentPostprocessing = 0;
		};
		ADA5D95F2131EA3200530826 /* Frameworks */ = {
			isa = PBXFrameworksBuildPhase;
			buildActionMask = 2147483647;
			files = (
				ADA5D9672131EA3200530826 /* CucumberSwift.framework in Frameworks */,
			);
			runOnlyForDeploymentPostprocessing = 0;
		};
		CA73473E24CB4EDB00D1A018 /* Frameworks */ = {
			isa = PBXFrameworksBuildPhase;
			buildActionMask = 2147483647;
			files = (
				CA73474624CB4EDB00D1A018 /* CucumberSwift.framework in Frameworks */,
			);
			runOnlyForDeploymentPostprocessing = 0;
		};
/* End PBXFrameworksBuildPhase section */

/* Begin PBXGroup section */
		1DA7619723933BBD001CBA5B /* Runner */ = {
			isa = PBXGroup;
			children = (
				1DA7619823933BCB001CBA5B /* RunWithLineNumberTests.swift */,
			);
			path = Runner;
			sourceTree = "<group>";
		};
		1DA761A0239A7A64001CBA5B /* AST */ = {
			isa = PBXGroup;
			children = (
				5AE2C0BE20FE7EE7000DDD48 /* AST.swift */,
				1DA761A1239A7A74001CBA5B /* ASTToken.swift */,
				1DA761A3239A7C23001CBA5B /* ASTRule.swift */,
				1DA761A5239A7C41001CBA5B /* Nodes.swift */,
			);
			path = AST;
			sourceTree = "<group>";
		};
		1DE862DE2391F7E90027326A /* Lexer */ = {
			isa = PBXGroup;
			children = (
				CA5A7C3C20FC2B2900F4564A /* Token.swift */,
				AD9E15CA21176F8D00FB5B6C /* StringReader.swift */,
				CA5A7C3A20FC2B2300F4564A /* Lexer.swift */,
				1DE862DF2391F7F70027326A /* Position.swift */,
			);
			path = Lexer;
			sourceTree = "<group>";
		};
		AD017232211671BF00FBC9AF /* StubGeneration */ = {
			isa = PBXGroup;
			children = (
				AD01723021166C3D00FBC9AF /* StubGenerator.swift */,
				AD017233211671D200FBC9AF /* Method.swift */,
			);
			path = StubGeneration;
			sourceTree = "<group>";
		};
		AD4E772D2235962F005938B7 /* Reporter */ = {
			isa = PBXGroup;
			children = (
				AD4E772E2235963D005938B7 /* Reporter.swift */,
			);
			path = Reporter;
			sourceTree = "<group>";
		};
		AD831B6A222C9742003EE136 /* XCode-Specific */ = {
			isa = PBXGroup;
			children = (
				AD22A1BE222C599F0025E41C /* Snippets */,
				ADB93857222C9F0900CDA4B4 /* Gherkin.ideplugin */,
				AD831B66222C961A003EE136 /* Gherkin.xclangspec */,
				AD831B68222C9736003EE136 /* gherkin_colors_xcode.sh */,
				AD4B2E0A222CB2BC001946F1 /* copy_snippets.sh */,
			);
			path = "XCode-Specific";
			sourceTree = "<group>";
		};
		AD99DB6121335B2100E57823 /* Runner */ = {
			isa = PBXGroup;
			children = (
				AD9EB47A2079CFA1002494C0 /* Cucumber.swift */,
				AD99DB58213269D500E57823 /* StepImplementation.swift */,
				ADBB361D2132145500C375E2 /* Globals.swift */,
				AD99DB6221335B5D00E57823 /* TestObservation.swift */,
				ADA5D96F2132047700530826 /* CucumberTest.swift */,
			);
			path = Runner;
			sourceTree = "<group>";
		};
		AD9EB4562079CF87002494C0 = {
			isa = PBXGroup;
			children = (
				AD9EB4622079CF87002494C0 /* CucumberSwift */,
				AD9EB46D2079CF87002494C0 /* CucumberSwiftTests */,
				ADA5D9632131EA3200530826 /* CucumberSwiftConsumerTests */,
				CA73474224CB4EDB00D1A018 /* CucumberSwiftDSLConsumerTests */,
				AD9EB4612079CF87002494C0 /* Products */,
				AD9EB4862079FED8002494C0 /* Frameworks */,
			);
			sourceTree = "<group>";
		};
		AD9EB4612079CF87002494C0 /* Products */ = {
			isa = PBXGroup;
			children = (
				AD9EB4602079CF87002494C0 /* CucumberSwift.framework */,
				AD9EB4692079CF87002494C0 /* CucumberSwiftTests.xctest */,
				ADA5D9622131EA3200530826 /* CucumberSwiftConsumerTests.xctest */,
				CA73474124CB4EDB00D1A018 /* CucumberSwiftDSLConsumerTests.xctest */,
			);
			name = Products;
			sourceTree = "<group>";
		};
		AD9EB4622079CF87002494C0 /* CucumberSwift */ = {
			isa = PBXGroup;
			children = (
				CA5A210A24C9D0640077AD50 /* DSL */,
				AD4E772D2235962F005938B7 /* Reporter */,
				AD99DB6121335B2100E57823 /* Runner */,
				ADCAC7E4212F9E3300542073 /* XCTestCaseGenerator */,
				AD017232211671BF00FBC9AF /* StubGeneration */,
				ADD9673220FCED48000BCAA2 /* Protocols */,
				ADD9673120FCED15000BCAA2 /* Custom Operators */,
				CA5A7C3720FC2B0A00F4564A /* Extensions */,
				CA5A7C3620FC2AF600F4564A /* Gherkin */,
				AD9EB4632079CF87002494C0 /* CucumberSwift.h */,
				AD9EB4642079CF87002494C0 /* Info.plist */,
				AD73CEF72222ECD8002BF7C0 /* TestingExtensions.swift */,
			);
			path = CucumberSwift;
			sourceTree = "<group>";
		};
		AD9EB46D2079CF87002494C0 /* CucumberSwiftTests */ = {
			isa = PBXGroup;
			children = (
				CA5A210724C92BCC0077AD50 /* DSLTests */,
				1DA7619723933BBD001CBA5B /* Runner */,
				AD4E77322235A04B005938B7 /* WaitUntil.swift */,
				CAA337B32104C39B002C361D /* Extensions */,
				CAA337B22104C368002C361D /* Gherkin */,
				CAA337A921044ABB002C361D /* CucumberTests */,
				CAA337AE21045847002C361D /* testdata */,
				AD7D252F207AAB2B001B8211 /* Features */,
				AD9EB46E2079CF87002494C0 /* CucumberSwiftTests.swift */,
				AD7D2526207A8AEB001B8211 /* MightEqualOperatorTests.swift */,
				AD9EB4702079CF87002494C0 /* Info.plist */,
				AD01722C21160E0B00FBC9AF /* StepGenerationTests.swift */,
				AD9E15CC21176FC500FB5B6C /* StringReaderTests.swift */,
				AD4E773022359C6B005938B7 /* ReporterTests.swift */,
			);
			path = CucumberSwiftTests;
			sourceTree = "<group>";
		};
		AD9EB4862079FED8002494C0 /* Frameworks */ = {
			isa = PBXGroup;
			children = (
				AD9EB4872079FED8002494C0 /* XCTest.framework */,
			);
			name = Frameworks;
			sourceTree = "<group>";
		};
		ADA5D9632131EA3200530826 /* CucumberSwiftConsumerTests */ = {
			isa = PBXGroup;
			children = (
				ADA5D96D2131EAC600530826 /* Features */,
				ADA5D9642131EA3200530826 /* CucumberSwiftConsumerTests.swift */,
				ADA5D9662131EA3200530826 /* Info.plist */,
			);
			path = CucumberSwiftConsumerTests;
			sourceTree = "<group>";
		};
		ADCAC7E4212F9E3300542073 /* XCTestCaseGenerator */ = {
			isa = PBXGroup;
			children = (
				AD22A1B5222B10B50025E41C /* TestCaseGenerator.swift */,
				AD22A1B7222B10BD0025E41C /* TestCaseMethod.swift */,
				1D1648DA245A7549000CA612 /* XCTestHooks.m */,
			);
			path = XCTestCaseGenerator;
			sourceTree = "<group>";
		};
		ADD9673020FCECF2000BCAA2 /* Parser */ = {
			isa = PBXGroup;
			children = (
				AD7D2524207A7B72001B8211 /* Scope.swift */,
				AD9EB47C2079D280002494C0 /* Feature.swift */,
				AD9EB47E2079D28E002494C0 /* Step.swift */,
				AD9EB4822079D606002494C0 /* Scenario.swift */,
				5AE2C0C020FEA958000DDD48 /* ScenarioOutlineParser.swift */,
				AD406F7E2105514600D9B011 /* DataTable.swift */,
				1DA7619C2393C5AB001CBA5B /* DocString.swift */,
				1DBF9328239C97AC0035722A /* RuleParser.swift */,
			);
			path = Parser;
			sourceTree = "<group>";
		};
		ADD9673120FCED15000BCAA2 /* Custom Operators */ = {
			isa = PBXGroup;
			children = (
				AD9EB4842079EB1C002494C0 /* MightEqualOperator.swift */,
			);
			path = "Custom Operators";
			sourceTree = "<group>";
		};
		ADD9673220FCED48000BCAA2 /* Protocols */ = {
			isa = PBXGroup;
			children = (
				ADAA738B20A92BB000D2344C /* Taggable.swift */,
				1DA7619A23933F18001CBA5B /* Positionable.swift */,
			);
			path = Protocols;
			sourceTree = "<group>";
		};
		CA5A210724C92BCC0077AD50 /* DSLTests */ = {
			isa = PBXGroup;
			children = (
				CA5A210824C92BDC0077AD50 /* DSLStepTests.swift */,
				CA73473524CA668D00D1A018 /* DSLScenarioTests.swift */,
				CA73473724CA6FAD00D1A018 /* DSLFeatureTests.swift */,
				CA73473924CA788B00D1A018 /* DSLScenarioOutlineTests.swift */,
			);
			path = DSLTests;
			sourceTree = "<group>";
		};
		CA5A210A24C9D0640077AD50 /* DSL */ = {
			isa = PBXGroup;
			children = (
				CA5A210B24C9D07A0077AD50 /* StepDSL.swift */,
				CA5A210D24C9D08A0077AD50 /* Matcher.swift */,
				CA5A210F24C9D0B10077AD50 /* GherkinDSL.swift */,
				CA5A211124C9D2D90077AD50 /* ScenarioBuilder.swift */,
				CA5A211324C9D3070077AD50 /* StepBuilder.swift */,
				CA5A211524C9E76F0077AD50 /* ScenarioDSL.swift */,
				CA5A211724CA42370077AD50 /* FeatureDSL.swift */,
				CA73473B24CA796C00D1A018 /* DSLScenarioOutline.swift */,
			);
			path = DSL;
			sourceTree = "<group>";
		};
		CA5A7C3620FC2AF600F4564A /* Gherkin */ = {
			isa = PBXGroup;
			children = (
				1DA761A0239A7A64001CBA5B /* AST */,
				1DE862DE2391F7E90027326A /* Lexer */,
				AD831B6A222C9742003EE136 /* XCode-Specific */,
				ADD9673020FCECF2000BCAA2 /* Parser */,
				AD7F1C0D2104DB240004852A /* Language.swift */,
				AD7F1C0B2104D6B10004852A /* gherkin-languages.json */,
				AD2F20DF216969990041657C /* Errors.swift */,
			);
			path = Gherkin;
			sourceTree = "<group>";
		};
		CA5A7C3720FC2B0A00F4564A /* Extensions */ = {
			isa = PBXGroup;
			children = (
				AD9EB4802079D540002494C0 /* StringExtensions.swift */,
				ADAA738D20A9356000D2344C /* CollectionExtensions.swift */,
				CA5A7C3820FC2B1700F4564A /* CharacterExtensions.swift */,
				AD01722E2116341200FBC9AF /* SequenceExtensions.swift */,
			);
			path = Extensions;
			sourceTree = "<group>";
		};
		CA73474224CB4EDB00D1A018 /* CucumberSwiftDSLConsumerTests */ = {
			isa = PBXGroup;
			children = (
				CA73474324CB4EDB00D1A018 /* CucumberSwiftDSLConsumerTests.swift */,
				CA73474524CB4EDB00D1A018 /* Info.plist */,
			);
			path = CucumberSwiftDSLConsumerTests;
			sourceTree = "<group>";
		};
		CAA337A921044ABB002C361D /* CucumberTests */ = {
			isa = PBXGroup;
			children = (
				CAA337AA21044ACC002C361D /* CucumberTests.swift */,
			);
			path = CucumberTests;
			sourceTree = "<group>";
		};
		CAA337B22104C368002C361D /* Gherkin */ = {
			isa = PBXGroup;
			children = (
				ADB4D5F920FD0234005997AD /* CommentTests.swift */,
				ADB4D5FB20FD02B8005997AD /* TagTests.swift */,
				ADB4D5FD20FD03BF005997AD /* ParserTests.swift */,
				5AE2C0BC20FE4CC8000DDD48 /* TableTests.swift */,
				CAA337B02104C310002C361D /* DocstringTests.swift */,
				AD7F1C0F210507420004852A /* StepTests.swift */,
				AD2F20E1216969DF0041657C /* ErrorTests.swift */,
				1DBF9326239A929E0035722A /* RuleTests.swift */,
				CA4E2D0024CCC8AE00A44983 /* PositionTests.swift */,
			);
			path = Gherkin;
			sourceTree = "<group>";
		};
		CAA337B32104C39B002C361D /* Extensions */ = {
			isa = PBXGroup;
			children = (
				AD7D252A207A8BE9001B8211 /* StringExtensionsTests.swift */,
				ADAA738F20A9358200D2344C /* SequenceExtensionsTests.swift */,
				AD22A1B9222B21830025E41C /* CucumberExtensions.swift */,
			);
			path = Extensions;
			sourceTree = "<group>";
		};
/* End PBXGroup section */

/* Begin PBXHeadersBuildPhase section */
		AD9EB45D2079CF87002494C0 /* Headers */ = {
			isa = PBXHeadersBuildPhase;
			buildActionMask = 2147483647;
			files = (
				AD9EB4712079CF87002494C0 /* CucumberSwift.h in Headers */,
			);
			runOnlyForDeploymentPostprocessing = 0;
		};
/* End PBXHeadersBuildPhase section */

/* Begin PBXNativeTarget section */
		AD9EB45F2079CF87002494C0 /* CucumberSwift */ = {
			isa = PBXNativeTarget;
			buildConfigurationList = AD9EB4742079CF87002494C0 /* Build configuration list for PBXNativeTarget "CucumberSwift" */;
			buildPhases = (
				AD9EB45B2079CF87002494C0 /* Sources */,
				AD9EB45C2079CF87002494C0 /* Frameworks */,
				AD9EB45D2079CF87002494C0 /* Headers */,
				AD9EB45E2079CF87002494C0 /* Resources */,
			);
			buildRules = (
			);
			dependencies = (
			);
			name = CucumberSwift;
			productName = CucumberSwift;
			productReference = AD9EB4602079CF87002494C0 /* CucumberSwift.framework */;
			productType = "com.apple.product-type.framework";
		};
		AD9EB4682079CF87002494C0 /* CucumberSwiftTests */ = {
			isa = PBXNativeTarget;
			buildConfigurationList = AD9EB4772079CF87002494C0 /* Build configuration list for PBXNativeTarget "CucumberSwiftTests" */;
			buildPhases = (
				AD9EB4652079CF87002494C0 /* Sources */,
				AD9EB4662079CF87002494C0 /* Frameworks */,
				AD9EB4672079CF87002494C0 /* Resources */,
			);
			buildRules = (
			);
			dependencies = (
				AD9EB46C2079CF87002494C0 /* PBXTargetDependency */,
			);
			name = CucumberSwiftTests;
			productName = CucumberSwiftTests;
			productReference = AD9EB4692079CF87002494C0 /* CucumberSwiftTests.xctest */;
			productType = "com.apple.product-type.bundle.unit-test";
		};
		ADA5D9612131EA3200530826 /* CucumberSwiftConsumerTests */ = {
			isa = PBXNativeTarget;
			buildConfigurationList = ADA5D96A2131EA3200530826 /* Build configuration list for PBXNativeTarget "CucumberSwiftConsumerTests" */;
			buildPhases = (
				ADA5D95E2131EA3200530826 /* Sources */,
				ADA5D95F2131EA3200530826 /* Frameworks */,
				ADA5D9602131EA3200530826 /* Resources */,
			);
			buildRules = (
			);
			dependencies = (
				ADA5D9692131EA3200530826 /* PBXTargetDependency */,
			);
			name = CucumberSwiftConsumerTests;
			productName = CucumberSwiftConsumerTests;
			productReference = ADA5D9622131EA3200530826 /* CucumberSwiftConsumerTests.xctest */;
			productType = "com.apple.product-type.bundle.unit-test";
		};
		CA73474024CB4EDB00D1A018 /* CucumberSwiftDSLConsumerTests */ = {
			isa = PBXNativeTarget;
			buildConfigurationList = CA73474924CB4EDB00D1A018 /* Build configuration list for PBXNativeTarget "CucumberSwiftDSLConsumerTests" */;
			buildPhases = (
				CA73473D24CB4EDB00D1A018 /* Sources */,
				CA73473E24CB4EDB00D1A018 /* Frameworks */,
				CA73473F24CB4EDB00D1A018 /* Resources */,
			);
			buildRules = (
			);
			dependencies = (
				CA73474824CB4EDB00D1A018 /* PBXTargetDependency */,
			);
			name = CucumberSwiftDSLConsumerTests;
			productName = CucumberSwiftDSLConsumerTests;
			productReference = CA73474124CB4EDB00D1A018 /* CucumberSwiftDSLConsumerTests.xctest */;
			productType = "com.apple.product-type.bundle.unit-test";
		};
/* End PBXNativeTarget section */

/* Begin PBXProject section */
		AD9EB4572079CF87002494C0 /* Project object */ = {
			isa = PBXProject;
			attributes = {
				LastSwiftUpdateCheck = 1160;
				LastUpgradeCheck = 1010;
				ORGANIZATIONNAME = "Tyler Thompson";
				TargetAttributes = {
					AD9EB45F2079CF87002494C0 = {
						CreatedOnToolsVersion = 9.2;
						LastSwiftMigration = 1140;
						ProvisioningStyle = Automatic;
					};
					AD9EB4682079CF87002494C0 = {
						CreatedOnToolsVersion = 9.2;
						LastSwiftMigration = 1010;
						ProvisioningStyle = Automatic;
					};
					ADA5D9612131EA3200530826 = {
						CreatedOnToolsVersion = 9.4.1;
						LastSwiftMigration = 1010;
						ProvisioningStyle = Automatic;
					};
					CA73474024CB4EDB00D1A018 = {
						CreatedOnToolsVersion = 11.6;
						ProvisioningStyle = Automatic;
					};
				};
			};
			buildConfigurationList = AD9EB45A2079CF87002494C0 /* Build configuration list for PBXProject "CucumberSwift" */;
			compatibilityVersion = "Xcode 8.0";
			developmentRegion = en;
			hasScannedForEncodings = 0;
			knownRegions = (
				en,
				Base,
			);
			mainGroup = AD9EB4562079CF87002494C0;
			productRefGroup = AD9EB4612079CF87002494C0 /* Products */;
			projectDirPath = "";
			projectRoot = "";
			targets = (
				AD9EB45F2079CF87002494C0 /* CucumberSwift */,
				AD9EB4682079CF87002494C0 /* CucumberSwiftTests */,
				ADA5D9612131EA3200530826 /* CucumberSwiftConsumerTests */,
				CA73474024CB4EDB00D1A018 /* CucumberSwiftDSLConsumerTests */,
			);
		};
/* End PBXProject section */

/* Begin PBXResourcesBuildPhase section */
		AD9EB45E2079CF87002494C0 /* Resources */ = {
			isa = PBXResourcesBuildPhase;
			buildActionMask = 2147483647;
			files = (
				AD831B67222C961A003EE136 /* Gherkin.xclangspec in Resources */,
				AD22A1BF222C599F0025E41C /* Snippets in Resources */,
				AD7F1C0C2104D6B10004852A /* gherkin-languages.json in Resources */,
				ADB93858222C9F0900CDA4B4 /* Gherkin.ideplugin in Resources */,
				AD831B69222C9736003EE136 /* gherkin_colors_xcode.sh in Resources */,
			);
			runOnlyForDeploymentPostprocessing = 0;
		};
		AD9EB4672079CF87002494C0 /* Resources */ = {
			isa = PBXResourcesBuildPhase;
			buildActionMask = 2147483647;
			files = (
				CAA337AF21045847002C361D /* testdata in Resources */,
				AD7D2530207AAB2B001B8211 /* Features in Resources */,
			);
			runOnlyForDeploymentPostprocessing = 0;
		};
		ADA5D9602131EA3200530826 /* Resources */ = {
			isa = PBXResourcesBuildPhase;
			buildActionMask = 2147483647;
			files = (
				ADA5D96E2131EAC600530826 /* Features in Resources */,
			);
			runOnlyForDeploymentPostprocessing = 0;
		};
		CA73473F24CB4EDB00D1A018 /* Resources */ = {
			isa = PBXResourcesBuildPhase;
			buildActionMask = 2147483647;
			files = (
			);
			runOnlyForDeploymentPostprocessing = 0;
		};
/* End PBXResourcesBuildPhase section */

/* Begin PBXSourcesBuildPhase section */
		AD9EB45B2079CF87002494C0 /* Sources */ = {
			isa = PBXSourcesBuildPhase;
			buildActionMask = 2147483647;
			files = (
				ADAA738C20A92BB000D2344C /* Taggable.swift in Sources */,
				CA5A7C3920FC2B1700F4564A /* CharacterExtensions.swift in Sources */,
				AD22A1B6222B10B50025E41C /* TestCaseGenerator.swift in Sources */,
				CA5A210C24C9D07A0077AD50 /* StepDSL.swift in Sources */,
				AD9EB4812079D540002494C0 /* StringExtensions.swift in Sources */,
				AD9E15CB21176F8D00FB5B6C /* StringReader.swift in Sources */,
				CA5A211024C9D0B10077AD50 /* GherkinDSL.swift in Sources */,
				CA5A7C3D20FC2B2900F4564A /* Token.swift in Sources */,
				AD7D2525207A7B72001B8211 /* Scope.swift in Sources */,
				CA5A211624C9E76F0077AD50 /* ScenarioDSL.swift in Sources */,
				AD9EB47D2079D280002494C0 /* Feature.swift in Sources */,
				1DBF9329239C97AC0035722A /* RuleParser.swift in Sources */,
				1DE862E02391F7F70027326A /* Position.swift in Sources */,
				AD7F1C0E2104DB240004852A /* Language.swift in Sources */,
				AD99DB59213269D500E57823 /* StepImplementation.swift in Sources */,
				AD01722F2116341200FBC9AF /* SequenceExtensions.swift in Sources */,
				1DA7619B23933F18001CBA5B /* Positionable.swift in Sources */,
				CA5A7C3B20FC2B2300F4564A /* Lexer.swift in Sources */,
				CA5A210E24C9D08A0077AD50 /* Matcher.swift in Sources */,
				5AE2C0BF20FE7EE7000DDD48 /* AST.swift in Sources */,
				CA5A211424C9D3070077AD50 /* StepBuilder.swift in Sources */,
				AD017234211671D200FBC9AF /* Method.swift in Sources */,
				ADAA738E20A9356000D2344C /* CollectionExtensions.swift in Sources */,
				AD4E772F2235963D005938B7 /* Reporter.swift in Sources */,
				1DA761A2239A7A74001CBA5B /* ASTToken.swift in Sources */,
				AD9EB47B2079CFA1002494C0 /* Cucumber.swift in Sources */,
				AD9EB4832079D606002494C0 /* Scenario.swift in Sources */,
				AD01723121166C3D00FBC9AF /* StubGenerator.swift in Sources */,
				AD406F7F2105514600D9B011 /* DataTable.swift in Sources */,
				AD2F20E0216969990041657C /* Errors.swift in Sources */,
				CA5A211824CA42370077AD50 /* FeatureDSL.swift in Sources */,
				1DA7619D2393C5AB001CBA5B /* DocString.swift in Sources */,
				1DA761A6239A7C41001CBA5B /* Nodes.swift in Sources */,
				AD73CEF82222ECD8002BF7C0 /* TestingExtensions.swift in Sources */,
				AD9EB4852079EB1C002494C0 /* MightEqualOperator.swift in Sources */,
				CA5A211224C9D2D90077AD50 /* ScenarioBuilder.swift in Sources */,
				AD22A1B8222B10BD0025E41C /* TestCaseMethod.swift in Sources */,
				1DA761A4239A7C23001CBA5B /* ASTRule.swift in Sources */,
				ADA5D9702132047700530826 /* CucumberTest.swift in Sources */,
				CA73473C24CA796C00D1A018 /* DSLScenarioOutline.swift in Sources */,
				ADBB361E2132145500C375E2 /* Globals.swift in Sources */,
				AD99DB6321335B5D00E57823 /* TestObservation.swift in Sources */,
				AD9EB47F2079D28E002494C0 /* Step.swift in Sources */,
				5AE2C0C120FEA958000DDD48 /* ScenarioOutlineParser.swift in Sources */,
				1D1648DB245A7549000CA612 /* XCTestHooks.m in Sources */,
			);
			runOnlyForDeploymentPostprocessing = 0;
		};
		AD9EB4652079CF87002494C0 /* Sources */ = {
			isa = PBXSourcesBuildPhase;
			buildActionMask = 2147483647;
			files = (
				ADB4D5FE20FD03BF005997AD /* ParserTests.swift in Sources */,
				AD7D252B207A8BE9001B8211 /* StringExtensionsTests.swift in Sources */,
				ADB4D5FC20FD02B8005997AD /* TagTests.swift in Sources */,
				ADB4D5FA20FD0234005997AD /* CommentTests.swift in Sources */,
				CA73473824CA6FAD00D1A018 /* DSLFeatureTests.swift in Sources */,
				CA73473A24CA788B00D1A018 /* DSLScenarioOutlineTests.swift in Sources */,
				CA4E2D0124CCC8AE00A44983 /* PositionTests.swift in Sources */,
				AD4E773122359C6B005938B7 /* ReporterTests.swift in Sources */,
				CA5A210924C92BDC0077AD50 /* DSLStepTests.swift in Sources */,
				AD4E77332235A04B005938B7 /* WaitUntil.swift in Sources */,
				1DA7619923933BCB001CBA5B /* RunWithLineNumberTests.swift in Sources */,
				AD22A1BA222B21830025E41C /* CucumberExtensions.swift in Sources */,
				AD2F20E2216969DF0041657C /* ErrorTests.swift in Sources */,
				AD7F1C10210507420004852A /* StepTests.swift in Sources */,
				CA73473624CA668D00D1A018 /* DSLScenarioTests.swift in Sources */,
				CAA337B12104C310002C361D /* DocstringTests.swift in Sources */,
				CAA337AB21044ACC002C361D /* CucumberTests.swift in Sources */,
				5AE2C0BD20FE4CC8000DDD48 /* TableTests.swift in Sources */,
				AD7D2527207A8AEB001B8211 /* MightEqualOperatorTests.swift in Sources */,
				AD9EB46F2079CF87002494C0 /* CucumberSwiftTests.swift in Sources */,
				1DBF9327239A929E0035722A /* RuleTests.swift in Sources */,
				ADAA739020A9358200D2344C /* SequenceExtensionsTests.swift in Sources */,
				AD01722D21160E0B00FBC9AF /* StepGenerationTests.swift in Sources */,
				AD9E15CD21176FC500FB5B6C /* StringReaderTests.swift in Sources */,
			);
			runOnlyForDeploymentPostprocessing = 0;
		};
		ADA5D95E2131EA3200530826 /* Sources */ = {
			isa = PBXSourcesBuildPhase;
			buildActionMask = 2147483647;
			files = (
				ADA5D9652131EA3200530826 /* CucumberSwiftConsumerTests.swift in Sources */,
			);
			runOnlyForDeploymentPostprocessing = 0;
		};
		CA73473D24CB4EDB00D1A018 /* Sources */ = {
			isa = PBXSourcesBuildPhase;
			buildActionMask = 2147483647;
			files = (
				CA73474424CB4EDB00D1A018 /* CucumberSwiftDSLConsumerTests.swift in Sources */,
			);
			runOnlyForDeploymentPostprocessing = 0;
		};
/* End PBXSourcesBuildPhase section */

/* Begin PBXTargetDependency section */
		AD9EB46C2079CF87002494C0 /* PBXTargetDependency */ = {
			isa = PBXTargetDependency;
			target = AD9EB45F2079CF87002494C0 /* CucumberSwift */;
			targetProxy = AD9EB46B2079CF87002494C0 /* PBXContainerItemProxy */;
		};
		ADA5D9692131EA3200530826 /* PBXTargetDependency */ = {
			isa = PBXTargetDependency;
			target = AD9EB45F2079CF87002494C0 /* CucumberSwift */;
			targetProxy = ADA5D9682131EA3200530826 /* PBXContainerItemProxy */;
		};
		CA73474824CB4EDB00D1A018 /* PBXTargetDependency */ = {
			isa = PBXTargetDependency;
			target = AD9EB45F2079CF87002494C0 /* CucumberSwift */;
			targetProxy = CA73474724CB4EDB00D1A018 /* PBXContainerItemProxy */;
		};
/* End PBXTargetDependency section */

/* Begin XCBuildConfiguration section */
		AD9EB4722079CF87002494C0 /* Debug */ = {
			isa = XCBuildConfiguration;
			buildSettings = {
				ALWAYS_SEARCH_USER_PATHS = NO;
				CLANG_ANALYZER_NONNULL = YES;
				CLANG_ANALYZER_NUMBER_OBJECT_CONVERSION = YES_AGGRESSIVE;
				CLANG_CXX_LANGUAGE_STANDARD = "gnu++14";
				CLANG_CXX_LIBRARY = "libc++";
				CLANG_ENABLE_MODULES = YES;
				CLANG_ENABLE_OBJC_ARC = YES;
				CLANG_WARN_BLOCK_CAPTURE_AUTORELEASING = YES;
				CLANG_WARN_BOOL_CONVERSION = YES;
				CLANG_WARN_COMMA = YES;
				CLANG_WARN_CONSTANT_CONVERSION = YES;
				CLANG_WARN_DEPRECATED_OBJC_IMPLEMENTATIONS = YES;
				CLANG_WARN_DIRECT_OBJC_ISA_USAGE = YES_ERROR;
				CLANG_WARN_DOCUMENTATION_COMMENTS = YES;
				CLANG_WARN_EMPTY_BODY = YES;
				CLANG_WARN_ENUM_CONVERSION = YES;
				CLANG_WARN_INFINITE_RECURSION = YES;
				CLANG_WARN_INT_CONVERSION = YES;
				CLANG_WARN_NON_LITERAL_NULL_CONVERSION = YES;
				CLANG_WARN_OBJC_IMPLICIT_RETAIN_SELF = YES;
				CLANG_WARN_OBJC_LITERAL_CONVERSION = YES;
				CLANG_WARN_OBJC_ROOT_CLASS = YES_ERROR;
				CLANG_WARN_RANGE_LOOP_ANALYSIS = YES;
				CLANG_WARN_STRICT_PROTOTYPES = YES;
				CLANG_WARN_SUSPICIOUS_MOVE = YES;
				CLANG_WARN_UNGUARDED_AVAILABILITY = YES_AGGRESSIVE;
				CLANG_WARN_UNREACHABLE_CODE = YES;
				CLANG_WARN__DUPLICATE_METHOD_MATCH = YES;
				CODE_SIGN_IDENTITY = "iPhone Developer";
				COPY_PHASE_STRIP = NO;
				CURRENT_PROJECT_VERSION = 1;
				DEBUG_INFORMATION_FORMAT = dwarf;
				ENABLE_STRICT_OBJC_MSGSEND = YES;
				ENABLE_TESTABILITY = YES;
				GCC_C_LANGUAGE_STANDARD = gnu11;
				GCC_DYNAMIC_NO_PIC = NO;
				GCC_NO_COMMON_BLOCKS = YES;
				GCC_OPTIMIZATION_LEVEL = 0;
				GCC_PREPROCESSOR_DEFINITIONS = (
					"DEBUG=1",
					"$(inherited)",
				);
				GCC_WARN_64_TO_32_BIT_CONVERSION = YES;
				GCC_WARN_ABOUT_RETURN_TYPE = YES_ERROR;
				GCC_WARN_UNDECLARED_SELECTOR = YES;
				GCC_WARN_UNINITIALIZED_AUTOS = YES_AGGRESSIVE;
				GCC_WARN_UNUSED_FUNCTION = YES;
				GCC_WARN_UNUSED_VARIABLE = YES;
				IPHONEOS_DEPLOYMENT_TARGET = 11.2;
				MTL_ENABLE_DEBUG_INFO = YES;
				ONLY_ACTIVE_ARCH = YES;
				SDKROOT = iphoneos;
				SWIFT_ACTIVE_COMPILATION_CONDITIONS = DEBUG;
				SWIFT_OPTIMIZATION_LEVEL = "-Onone";
				SWIFT_VERSION = 5.0;
				VERSIONING_SYSTEM = "apple-generic";
				VERSION_INFO_PREFIX = "";
			};
			name = Debug;
		};
		AD9EB4732079CF87002494C0 /* Release */ = {
			isa = XCBuildConfiguration;
			buildSettings = {
				ALWAYS_SEARCH_USER_PATHS = NO;
				CLANG_ANALYZER_NONNULL = YES;
				CLANG_ANALYZER_NUMBER_OBJECT_CONVERSION = YES_AGGRESSIVE;
				CLANG_CXX_LANGUAGE_STANDARD = "gnu++14";
				CLANG_CXX_LIBRARY = "libc++";
				CLANG_ENABLE_MODULES = YES;
				CLANG_ENABLE_OBJC_ARC = YES;
				CLANG_WARN_BLOCK_CAPTURE_AUTORELEASING = YES;
				CLANG_WARN_BOOL_CONVERSION = YES;
				CLANG_WARN_COMMA = YES;
				CLANG_WARN_CONSTANT_CONVERSION = YES;
				CLANG_WARN_DEPRECATED_OBJC_IMPLEMENTATIONS = YES;
				CLANG_WARN_DIRECT_OBJC_ISA_USAGE = YES_ERROR;
				CLANG_WARN_DOCUMENTATION_COMMENTS = YES;
				CLANG_WARN_EMPTY_BODY = YES;
				CLANG_WARN_ENUM_CONVERSION = YES;
				CLANG_WARN_INFINITE_RECURSION = YES;
				CLANG_WARN_INT_CONVERSION = YES;
				CLANG_WARN_NON_LITERAL_NULL_CONVERSION = YES;
				CLANG_WARN_OBJC_IMPLICIT_RETAIN_SELF = YES;
				CLANG_WARN_OBJC_LITERAL_CONVERSION = YES;
				CLANG_WARN_OBJC_ROOT_CLASS = YES_ERROR;
				CLANG_WARN_RANGE_LOOP_ANALYSIS = YES;
				CLANG_WARN_STRICT_PROTOTYPES = YES;
				CLANG_WARN_SUSPICIOUS_MOVE = YES;
				CLANG_WARN_UNGUARDED_AVAILABILITY = YES_AGGRESSIVE;
				CLANG_WARN_UNREACHABLE_CODE = YES;
				CLANG_WARN__DUPLICATE_METHOD_MATCH = YES;
				CODE_SIGN_IDENTITY = "iPhone Developer";
				COPY_PHASE_STRIP = NO;
				CURRENT_PROJECT_VERSION = 1;
				DEBUG_INFORMATION_FORMAT = "dwarf-with-dsym";
				ENABLE_NS_ASSERTIONS = NO;
				ENABLE_STRICT_OBJC_MSGSEND = YES;
				GCC_C_LANGUAGE_STANDARD = gnu11;
				GCC_NO_COMMON_BLOCKS = YES;
				GCC_WARN_64_TO_32_BIT_CONVERSION = YES;
				GCC_WARN_ABOUT_RETURN_TYPE = YES_ERROR;
				GCC_WARN_UNDECLARED_SELECTOR = YES;
				GCC_WARN_UNINITIALIZED_AUTOS = YES_AGGRESSIVE;
				GCC_WARN_UNUSED_FUNCTION = YES;
				GCC_WARN_UNUSED_VARIABLE = YES;
				IPHONEOS_DEPLOYMENT_TARGET = 11.2;
				MTL_ENABLE_DEBUG_INFO = NO;
				SDKROOT = iphoneos;
				SWIFT_OPTIMIZATION_LEVEL = "-Owholemodule";
				SWIFT_VERSION = 5.0;
				VALIDATE_PRODUCT = YES;
				VERSIONING_SYSTEM = "apple-generic";
				VERSION_INFO_PREFIX = "";
			};
			name = Release;
		};
		AD9EB4752079CF87002494C0 /* Debug */ = {
			isa = XCBuildConfiguration;
			buildSettings = {
				CLANG_ENABLE_MODULES = YES;
				CODE_SIGN_IDENTITY = "";
				CODE_SIGN_STYLE = Automatic;
				DEFINES_MODULE = YES;
				DEVELOPMENT_TEAM = 9CUJHB48U6;
				DYLIB_COMPATIBILITY_VERSION = 1;
				DYLIB_CURRENT_VERSION = 1;
				DYLIB_INSTALL_NAME_BASE = "@rpath";
				ENABLE_BITCODE = NO;
				FRAMEWORK_SEARCH_PATHS = "$(PLATFORM_DIR)/Developer/Library/Frameworks";
				INFOPLIST_FILE = CucumberSwift/Info.plist;
				INSTALL_PATH = "$(LOCAL_LIBRARY_DIR)/Frameworks";
				LD_RUNPATH_SEARCH_PATHS = "$(inherited) @executable_path/Frameworks @loader_path/Frameworks";
				PRODUCT_BUNDLE_IDENTIFIER = TylerThompson.CucumberSwift;
				PRODUCT_NAME = "$(TARGET_NAME:c99extidentifier)";
				SKIP_INSTALL = YES;
				SWIFT_OBJC_BRIDGING_HEADER = "";
				SWIFT_OPTIMIZATION_LEVEL = "-Onone";
				SWIFT_VERSION = 5.0;
				TARGETED_DEVICE_FAMILY = "1,2";
			};
			name = Debug;
		};
		AD9EB4762079CF87002494C0 /* Release */ = {
			isa = XCBuildConfiguration;
			buildSettings = {
				CLANG_ENABLE_MODULES = YES;
				CODE_SIGN_IDENTITY = "";
				CODE_SIGN_STYLE = Automatic;
				DEFINES_MODULE = YES;
				DEVELOPMENT_TEAM = 9CUJHB48U6;
				DYLIB_COMPATIBILITY_VERSION = 1;
				DYLIB_CURRENT_VERSION = 1;
				DYLIB_INSTALL_NAME_BASE = "@rpath";
				ENABLE_BITCODE = NO;
				FRAMEWORK_SEARCH_PATHS = "$(PLATFORM_DIR)/Developer/Library/Frameworks";
				INFOPLIST_FILE = CucumberSwift/Info.plist;
				INSTALL_PATH = "$(LOCAL_LIBRARY_DIR)/Frameworks";
				LD_RUNPATH_SEARCH_PATHS = "$(inherited) @executable_path/Frameworks @loader_path/Frameworks";
				PRODUCT_BUNDLE_IDENTIFIER = TylerThompson.CucumberSwift;
				PRODUCT_NAME = "$(TARGET_NAME:c99extidentifier)";
				SKIP_INSTALL = YES;
				SWIFT_OBJC_BRIDGING_HEADER = "";
				SWIFT_VERSION = 5.0;
				TARGETED_DEVICE_FAMILY = "1,2";
			};
			name = Release;
		};
		AD9EB4782079CF87002494C0 /* Debug */ = {
			isa = XCBuildConfiguration;
			buildSettings = {
				ALWAYS_EMBED_SWIFT_STANDARD_LIBRARIES = YES;
				CODE_SIGN_IDENTITY = "Apple Development";
				"CODE_SIGN_IDENTITY[sdk=macosx*]" = "Apple Development";
				CODE_SIGN_STYLE = Automatic;
				DEVELOPMENT_TEAM = 9CUJHB48U6;
				INFOPLIST_FILE = CucumberSwiftTests/Info.plist;
				LD_RUNPATH_SEARCH_PATHS = "$(inherited) @executable_path/Frameworks @loader_path/Frameworks";
				PRODUCT_BUNDLE_IDENTIFIER = Tyler.Thompson.CucumberSwiftTests;
				PRODUCT_NAME = "$(TARGET_NAME)";
				PROVISIONING_PROFILE_SPECIFIER = "";
				"PROVISIONING_PROFILE_SPECIFIER[sdk=macosx*]" = "";
				TARGETED_DEVICE_FAMILY = "1,2";
			};
			name = Debug;
		};
		AD9EB4792079CF87002494C0 /* Release */ = {
			isa = XCBuildConfiguration;
			buildSettings = {
				ALWAYS_EMBED_SWIFT_STANDARD_LIBRARIES = YES;
				CODE_SIGN_IDENTITY = "Apple Development";
				"CODE_SIGN_IDENTITY[sdk=macosx*]" = "Apple Development";
				CODE_SIGN_STYLE = Automatic;
				DEVELOPMENT_TEAM = 9CUJHB48U6;
				INFOPLIST_FILE = CucumberSwiftTests/Info.plist;
				LD_RUNPATH_SEARCH_PATHS = "$(inherited) @executable_path/Frameworks @loader_path/Frameworks";
				PRODUCT_BUNDLE_IDENTIFIER = Tyler.Thompson.CucumberSwiftTests;
				PRODUCT_NAME = "$(TARGET_NAME)";
				PROVISIONING_PROFILE_SPECIFIER = "";
				"PROVISIONING_PROFILE_SPECIFIER[sdk=macosx*]" = "";
				TARGETED_DEVICE_FAMILY = "1,2";
			};
			name = Release;
		};
		ADA5D96B2131EA3200530826 /* Debug */ = {
			isa = XCBuildConfiguration;
			buildSettings = {
				CLANG_ENABLE_OBJC_WEAK = YES;
				CLANG_WARN_DEPRECATED_OBJC_IMPLEMENTATIONS = YES;
				CLANG_WARN_OBJC_IMPLICIT_RETAIN_SELF = YES;
				CODE_SIGN_STYLE = Automatic;
				DEVELOPMENT_TEAM = 9CUJHB48U6;
				INFOPLIST_FILE = CucumberSwiftConsumerTests/Info.plist;
				IPHONEOS_DEPLOYMENT_TARGET = 11.4;
				LD_RUNPATH_SEARCH_PATHS = "$(inherited) @executable_path/Frameworks @loader_path/Frameworks";
				PRODUCT_BUNDLE_IDENTIFIER = dignityhealth.CucumberSwiftConsumerTests;
				PRODUCT_NAME = "$(TARGET_NAME)";
				TARGETED_DEVICE_FAMILY = "1,2";
			};
			name = Debug;
		};
		ADA5D96C2131EA3200530826 /* Release */ = {
			isa = XCBuildConfiguration;
			buildSettings = {
				CLANG_ENABLE_OBJC_WEAK = YES;
				CLANG_WARN_DEPRECATED_OBJC_IMPLEMENTATIONS = YES;
				CLANG_WARN_OBJC_IMPLICIT_RETAIN_SELF = YES;
				CODE_SIGN_STYLE = Automatic;
				DEVELOPMENT_TEAM = 9CUJHB48U6;
				INFOPLIST_FILE = CucumberSwiftConsumerTests/Info.plist;
				IPHONEOS_DEPLOYMENT_TARGET = 11.4;
				LD_RUNPATH_SEARCH_PATHS = "$(inherited) @executable_path/Frameworks @loader_path/Frameworks";
				PRODUCT_BUNDLE_IDENTIFIER = dignityhealth.CucumberSwiftConsumerTests;
				PRODUCT_NAME = "$(TARGET_NAME)";
				TARGETED_DEVICE_FAMILY = "1,2";
			};
			name = Release;
		};
		CA73474A24CB4EDB00D1A018 /* Debug */ = {
			isa = XCBuildConfiguration;
			buildSettings = {
				CLANG_ENABLE_OBJC_WEAK = YES;
				CODE_SIGN_STYLE = Automatic;
				DEVELOPMENT_TEAM = 9CUJHB48U6;
				INFOPLIST_FILE = CucumberSwiftDSLConsumerTests/Info.plist;
				IPHONEOS_DEPLOYMENT_TARGET = 11.4;
				LD_RUNPATH_SEARCH_PATHS = "$(inherited) @executable_path/Frameworks @loader_path/Frameworks";
				MTL_ENABLE_DEBUG_INFO = INCLUDE_SOURCE;
				MTL_FAST_MATH = YES;
				PRODUCT_BUNDLE_IDENTIFIER = TT.CucumberSwiftDSLConsumerTests;
				PRODUCT_NAME = "$(TARGET_NAME)";
				SWIFT_VERSION = 5.0;
				TARGETED_DEVICE_FAMILY = "1,2";
			};
			name = Debug;
		};
		CA73474B24CB4EDB00D1A018 /* Release */ = {
			isa = XCBuildConfiguration;
			buildSettings = {
				CLANG_ENABLE_OBJC_WEAK = YES;
				CODE_SIGN_STYLE = Automatic;
				DEVELOPMENT_TEAM = 9CUJHB48U6;
				INFOPLIST_FILE = CucumberSwiftDSLConsumerTests/Info.plist;
				IPHONEOS_DEPLOYMENT_TARGET = 11.4;
				LD_RUNPATH_SEARCH_PATHS = "$(inherited) @executable_path/Frameworks @loader_path/Frameworks";
				MTL_FAST_MATH = YES;
				PRODUCT_BUNDLE_IDENTIFIER = TT.CucumberSwiftDSLConsumerTests;
				PRODUCT_NAME = "$(TARGET_NAME)";
				SWIFT_VERSION = 5.0;
				TARGETED_DEVICE_FAMILY = "1,2";
			};
			name = Release;
		};
/* End XCBuildConfiguration section */

/* Begin XCConfigurationList section */
		AD9EB45A2079CF87002494C0 /* Build configuration list for PBXProject "CucumberSwift" */ = {
			isa = XCConfigurationList;
			buildConfigurations = (
				AD9EB4722079CF87002494C0 /* Debug */,
				AD9EB4732079CF87002494C0 /* Release */,
			);
			defaultConfigurationIsVisible = 0;
			defaultConfigurationName = Release;
		};
		AD9EB4742079CF87002494C0 /* Build configuration list for PBXNativeTarget "CucumberSwift" */ = {
			isa = XCConfigurationList;
			buildConfigurations = (
				AD9EB4752079CF87002494C0 /* Debug */,
				AD9EB4762079CF87002494C0 /* Release */,
			);
			defaultConfigurationIsVisible = 0;
			defaultConfigurationName = Release;
		};
		AD9EB4772079CF87002494C0 /* Build configuration list for PBXNativeTarget "CucumberSwiftTests" */ = {
			isa = XCConfigurationList;
			buildConfigurations = (
				AD9EB4782079CF87002494C0 /* Debug */,
				AD9EB4792079CF87002494C0 /* Release */,
			);
			defaultConfigurationIsVisible = 0;
			defaultConfigurationName = Release;
		};
		ADA5D96A2131EA3200530826 /* Build configuration list for PBXNativeTarget "CucumberSwiftConsumerTests" */ = {
			isa = XCConfigurationList;
			buildConfigurations = (
				ADA5D96B2131EA3200530826 /* Debug */,
				ADA5D96C2131EA3200530826 /* Release */,
			);
			defaultConfigurationIsVisible = 0;
			defaultConfigurationName = Release;
		};
		CA73474924CB4EDB00D1A018 /* Build configuration list for PBXNativeTarget "CucumberSwiftDSLConsumerTests" */ = {
			isa = XCConfigurationList;
			buildConfigurations = (
				CA73474A24CB4EDB00D1A018 /* Debug */,
				CA73474B24CB4EDB00D1A018 /* Release */,
			);
			defaultConfigurationIsVisible = 0;
			defaultConfigurationName = Release;
		};
/* End XCConfigurationList section */
	};
	rootObject = AD9EB4572079CF87002494C0 /* Project object */;
}
